
Microsoft Visual Studio Solution File, Format Version 12.00
# Visual Studio Version 16
VisualStudioVersion = 25.0.1706.13
MinimumVisualStudioVersion = 10.0.40219.1
Project("{FAE04EC0-301F-11D3-BF4B-00C04F79EFBC}") = "MatchDetailsApp", "MatchDetailsApp.csproj", "{88B23EDA-3D22-41F4-B12C-F647AE11BC5E}"
EndProject
Project("{FAE04EC0-301F-11D3-BF4B-00C04F79EFBC}") = "MatchDetailsApp.Tests", "..\MatchDetailsApp.Tests\MatchDetailsApp.Tests.csproj", "{9D28E545-1933-4DBE-9D03-A9ED22B3DF5B}"
EndProject
Global
	GlobalSection(SolutionConfigurationPlatforms) = preSolution
		Debug|Any CPU = Debug|Any CPU
		Release|Any CPU = Release|Any CPU
	EndGlobalSection
	GlobalSection(ProjectConfigurationPlatforms) = postSolution
		{88B23EDA-3D22-41F4-B12C-F647AE11BC5E}.Debug|Any CPU.ActiveCfg = Debug|Any CPU
		{88B23EDA-3D22-41F4-B12C-F647AE11BC5E}.Debug|Any CPU.Build.0 = Debug|Any CPU
		{88B23EDA-3D22-41F4-B12C-F647AE11BC5E}.Release|Any CPU.ActiveCfg = Release|Any CPU
		{88B23EDA-3D22-41F4-B12C-F647AE11BC5E}.Release|Any CPU.Build.0 = Release|Any CPU
		{9D28E545-1933-4DBE-9D03-A9ED22B3DF5B}.Debug|Any CPU.ActiveCfg = Debug|Any CPU
		{9D28E545-1933-4DBE-9D03-A9ED22B3DF5B}.Debug|Any CPU.Build.0 = Debug|Any CPU
		{9D28E545-1933-4DBE-9D03-A9ED22B3DF5B}.Release|Any CPU.ActiveCfg = Release|Any CPU
		{9D28E545-1933-4DBE-9D03-A9ED22B3DF5B}.Release|Any CPU.Build.0 = Release|Any CPU
	EndGlobalSection
	GlobalSection(SolutionProperties) = preSolution
		HideSolutionNode = FALSE
	EndGlobalSection
	GlobalSection(ExtensibilityGlobals) = postSolution
		SolutionGuid = {1FF4DE7E-F39A-4391-92FC-93710170DFC7}
	EndGlobalSection
EndGlobal
